
Microsoft Visual Studio Solution File, Format Version 12.00
# Visual Studio Version 17
VisualStudioVersion = 17.0.32112.339
MinimumVisualStudioVersion = 10.0.40219.1
Project("{FAE04EC0-301F-11D3-BF4B-00C04F79EFBC}") = "MediaPlayerFinalizerHang", "MediaPlayerFinalizerHang\MediaPlayerFinalizerHang.csproj", "{1959C9C8-2FA7-419B-92B5-F243C9600F3C}"
EndProject
Global
	GlobalSection(SolutionConfigurationPlatforms) = preSolution
		Debug|Any CPU = Debug|Any CPU
		Release|Any CPU = Release|Any CPU
	EndGlobalSection
	GlobalSection(ProjectConfigurationPlatforms) = postSolution
		{1959C9C8-2FA7-419B-92B5-F243C9600F3C}.Debug|Any CPU.ActiveCfg = Debug|Any CPU
		{1959C9C8-2FA7-419B-92B5-F243C9600F3C}.Debug|Any CPU.Build.0 = Debug|Any CPU
		{1959C9C8-2FA7-419B-92B5-F243C9600F3C}.Release|Any CPU.ActiveCfg = Release|Any CPU
		{1959C9C8-2FA7-419B-92B5-F243C9600F3C}.Release|Any CPU.Build.0 = Release|Any CPU
	EndGlobalSection
	GlobalSection(SolutionProperties) = preSolution
		HideSolutionNode = FALSE
	EndGlobalSection
	GlobalSection(ExtensibilityGlobals) = postSolution
		SolutionGuid = {21717B82-5F62-4609-BED0-04DC9DC454F2}
	EndGlobalSection
EndGlobal
